# THIS IS AN AUTOGENERATED FILE. DO NOT EDIT THIS FILE DIRECTLY.
# yarn lockfile v1


"@tanstack/solid-table@^8.21.3":
  version "8.21.3"
  resolved "https://registry.yarnpkg.com/@tanstack/solid-table/-/solid-table-8.21.3.tgz#36ed3c1e72faffb8d00528cb0d29bd24327a9427"
  integrity sha512-PmhfSLBxVKiFs01LtYOYrCRhCyTUjxmb4KlxRQiqcALtip8+DOJeeezQM4RSX/GUS0SMVHyH/dNboCpcO++k2A==
  dependencies:
    "@tanstack/table-core" "8.21.3"

"@tanstack/table-core@8.21.3":
  version "8.21.3"
  resolved "https://registry.yarnpkg.com/@tanstack/table-core/-/table-core-8.21.3.tgz#2977727d8fc8dfa079112d9f4d4c019110f1732c"
  integrity sha512-ldZXEhOBb8Is7xLs01fR3YEc3DERiz5silj8tnGkFZytt1abEvl/GhUmCE0PMLaMPTa3Jk4HbKmRlHmu+gCftg==

"@thisbeyond/solid-dnd@^0.7.5":
  version "0.7.5"
  resolved "https://registry.yarnpkg.com/@thisbeyond/solid-dnd/-/solid-dnd-0.7.5.tgz#c7585511bc83b5b973315f956296431124b6562c"
  integrity sha512-DfI5ff+yYGpK9M21LhYwIPlbP2msKxN2ARwuu6GF8tT1GgNVDTI8VCQvH4TJFoVApP9d44izmAcTh/iTCH2UUw==
